lockfileVersion: '6.0'

importers:

  .:
    devDependencies:
      cross-env:
        specifier: 7.0.3
        version: 7.0.3
      prettier:
        specifier: 2.8.8
        version: 2.8.8
      turbo:
        specifier: 1.9.9
        version: 1.9.9

packages:

  /cross-env@7.0.3:
    resolution: {integrity: sha512-+/HKd6EgcQCJGh2PSjZuUitQBQynKor4wrFbRg4DtAgS1aWO+gU52xpH7M9ScGgXSYmAVS9bIJ8EzuaGw0oNAw==}
    engines: {node: '>=10.14', npm: '>=6', yarn: '>=1'}
    hasBin: true
    dependencies:
      cross-spawn: 7.0.3
    dev: true

  /cross-spawn@7.0.3:
    resolution: {integrity: sha512-iRDPJKUPVEND7dHPO8rkbOnPpyDygcDFtWjpeWNCgy8WP2rXcxXL8TskReQl6OrB2G7+UJrags1q15Fudc7G6w==}
    engines: {node: '>= 8'}
    dependencies:
      path-key: 3.1.1
      shebang-command: 2.0.0
      which: 2.0.2
    dev: true

  /isexe@2.0.0:
    resolution: {integrity: sha512-RHxMLp9lnKHGHRng9QFhRCMbYAcVpn69smSGcq3f36xjgVVWThj4qqLbTLlq7Ssj8B+fIQ1EuCEGI2lKsyQeIw==}
    dev: true

  /path-key@3.1.1:
    resolution: {integrity: sha512-ojmeN0qd+y0jszEtoY48r0Peq5dwMEkIlCOu6Q5f41lfkswXuKtYrhgoTpLnyIcHm24Uhqx+5Tqm2InSwLhE6Q==}
    engines: {node: '>=8'}
    dev: true

  /prettier@2.8.8:
    resolution: {integrity: sha512-tdN8qQGvNjw4CHbY+XXk0JgCXn9QiF21a55rBe5LJAU+kDyC4WQn4+awm2Xfk2lQMk5fKup9XgzTZtGkjBdP9Q==}
    engines: {node: '>=10.13.0'}
    hasBin: true
    dev: true

  /shebang-command@2.0.0:
    resolution: {integrity: sha512-kHxr2zZpYtdmrN1qDjrrX/Z1rR1kG8Dx+gkpK1G4eXmvXswmcE1hTWBWYUzlraYw1/yZp6YuDY77YtvbN0dmDA==}
    engines: {node: '>=8'}
    dependencies:
      shebang-regex: 3.0.0
    dev: true

  /shebang-regex@3.0.0:
    resolution: {integrity: sha512-7++dFhtcx3353uBaq8DDR4NuxBetBzC7ZQOhmTQInHEd6bSrXdiEyzCvG07Z44UYdLShWUyXt5M/yhz8ekcb1A==}
    engines: {node: '>=8'}
    dev: true

  /turbo-darwin-64@1.9.9:
    resolution: {integrity: sha512-UDGM9E21eCDzF5t1F4rzrjwWutcup33e7ZjNJcW/mJDPorazZzqXGKEPIy9kXwKhamUUXfC7668r6ZuA1WXF2Q==}
    cpu: [x64]
    os: [darwin]
    requiresBuild: true
    dev: true
    optional: true

  /turbo-darwin-arm64@1.9.9:
    resolution: {integrity: sha512-VyfkXzTJpYLTAQ9krq2myyEq7RPObilpS04lgJ4OO1piq76RNmSpX9F/t9JCaY9Pj/4TL7i0d8PM7NGhwEA5Ag==}
    cpu: [arm64]
    os: [darwin]
    requiresBuild: true
    dev: true
    optional: true

  /turbo-linux-64@1.9.9:
    resolution: {integrity: sha512-Fu1MY29Odg8dHOqXcpIIGC3T63XLOGgnGfbobXMKdrC7JQDvtJv8TUCYciRsyknZYjyyKK1z6zKuYIiDjf3KeQ==}
    cpu: [x64]
    os: [linux]
    requiresBuild: true
    dev: true
    optional: true

  /turbo-linux-arm64@1.9.9:
    resolution: {integrity: sha512-50LI8NafPuJxdnMCBeDdzgyt1cgjQG7FwkyY336v4e95WJPUVjrHdrKH6jYXhOUyrv9+jCJxwX1Yrg02t5yJ1g==}
    cpu: [arm64]
    os: [linux]
    requiresBuild: true
    dev: true
    optional: true

  /turbo-windows-64@1.9.9:
    resolution: {integrity: sha512-9IsTReoLmQl1IRsy3WExe2j2RKWXQyXujfJ4fXF+jp08KxjVF4/tYP2CIRJx/A7UP/7keBta27bZqzAjsmbSTA==}
    cpu: [x64]
    os: [win32]
    requiresBuild: true
    dev: true
    optional: true

  /turbo-windows-arm64@1.9.9:
    resolution: {integrity: sha512-CUu4hpeQo68JjDr0V0ygTQRLbS+/sNfdqEVV+Xz9136vpKn2WMQLAuUBVZV0Sp0S/7i+zGnplskT0fED+W46wQ==}
    cpu: [arm64]
    os: [win32]
    requiresBuild: true
    dev: true
    optional: true

  /turbo@1.9.9:
    resolution: {integrity: sha512-+ZS66LOT7ahKHxh6XrIdcmf2Yk9mNpAbPEj4iF2cs0cAeaDU3xLVPZFF0HbSho89Uxwhx7b5HBgPbdcjQTwQkg==}
    hasBin: true
    requiresBuild: true
    optionalDependencies:
      turbo-darwin-64: 1.9.9
      turbo-darwin-arm64: 1.9.9
      turbo-linux-64: 1.9.9
      turbo-linux-arm64: 1.9.9
      turbo-windows-64: 1.9.9
      turbo-windows-arm64: 1.9.9
    dev: true

  /which@2.0.2:
    resolution: {integrity: sha512-BLI3Tl1TW3Pvl70l3yq3Y64i+awpwXqsGBYWkkqMtnbXgrMD+yj7rhW0kuEDxzJaYXGjEW5ogapKNMEKNMjibA==}
    engines: {node: '>= 8'}
    hasBin: true
    dependencies:
      isexe: 2.0.0
    dev: true
